// !$*UTF8*$!
{
	archiveVersion = 1;
	classes = {
	};
	objectVersion = 46;
	objects = {

/* Begin PBXBuildFile section */
		CACFB4201BA54380005481ED /* Foundation.framework in Frameworks */ = {isa = PBXBuildFile; fileRef = CACFB41F1BA54380005481ED /* Foundation.framework */; };
		CACFB4221BA54380005481ED /* CoreGraphics.framework in Frameworks */ = {isa = PBXBuildFile; fileRef = CACFB4211BA54380005481ED /* CoreGraphics.framework */; };
		CACFB4241BA54380005481ED /* UIKit.framework in Frameworks */ = {isa = PBXBuildFile; fileRef = CACFB4231BA54380005481ED /* UIKit.framework */; };
		CACFB42A1BA54380005481ED /* InfoPlist.strings in Resources */ = {isa = PBXBuildFile; fileRef = CACFB4281BA54380005481ED /* InfoPlist.strings */; };
		CACFB42C1BA54380005481ED /* main.m in Sources */ = {isa = PBXBuildFile; fileRef = CACFB42B1BA54380005481ED /* main.m */; };
		CACFB4301BA54380005481ED /* JSAppDelegate.m in Sources */ = {isa = PBXBuildFile; fileRef = CACFB42F1BA54380005481ED /* JSAppDelegate.m */; };
		CACFB4321BA54380005481ED /* Images.xcassets in Resources */ = {isa = PBXBuildFile; fileRef = CACFB4311BA54380005481ED /* Images.xcassets */; };
		CACFB4391BA54380005481ED /* XCTest.framework in Frameworks */ = {isa = PBXBuildFile; fileRef = CACFB4381BA54380005481ED /* XCTest.framework */; };
		CACFB43A1BA54380005481ED /* Foundation.framework in Frameworks */ = {isa = PBXBuildFile; fileRef = CACFB41F1BA54380005481ED /* Foundation.framework */; };
		CACFB43B1BA54380005481ED /* UIKit.framework in Frameworks */ = {isa = PBXBuildFile; fileRef = CACFB4231BA54380005481ED /* UIKit.framework */; };
		CACFB4431BA54380005481ED /* InfoPlist.strings in Resources */ = {isa = PBXBuildFile; fileRef = CACFB4411BA54380005481ED /* InfoPlist.strings */; };
		CACFB4451BA54380005481ED /* TipCalcTests.m in Sources */ = {isa = PBXBuildFile; fileRef = CACFB4441BA54380005481ED /* TipCalcTests.m */; };
		CACFB4561BA55595005481ED /* JSTipViewController.m in Sources */ = {isa = PBXBuildFile; fileRef = CACFB4541BA55595005481ED /* JSTipViewController.m */; };
		CACFB4571BA55595005481ED /* JSTipViewController.xib in Resources */ = {isa = PBXBuildFile; fileRef = CACFB4551BA55595005481ED /* JSTipViewController.xib */; };
		CACFB45B1BA55E03005481ED /* JSSettingsViewController.m in Sources */ = {isa = PBXBuildFile; fileRef = CACFB4591BA55E03005481ED /* JSSettingsViewController.m */; };
		CACFB45C1BA55E03005481ED /* JSSettingsViewController.xib in Resources */ = {isa = PBXBuildFile; fileRef = CACFB45A1BA55E03005481ED /* JSSettingsViewController.xib */; };
/* End PBXBuildFile section */

/* Begin PBXContainerItemProxy section */
		CACFB43C1BA54380005481ED /* PBXContainerItemProxy */ = {
			isa = PBXContainerItemProxy;
			containerPortal = CACFB4141BA54380005481ED /* Project object */;
			proxyType = 1;
			remoteGlobalIDString = CACFB41B1BA54380005481ED;
			remoteInfo = TipCalc;
		};
/* End PBXContainerItemProxy section */

/* Begin PBXFileReference section */
		CACFB41C1BA54380005481ED /* TipCalc.app */ = {isa = PBXFileReference; explicitFileType = wrapper.application; includeInIndex = 0; path = TipCalc.app; sourceTree = BUILT_PRODUCTS_DIR; };
		CACFB41F1BA54380005481ED /* Foundation.framework */ = {isa = PBXFileReference; lastKnownFileType = wrapper.framework; name = Foundation.framework; path = System/Library/Frameworks/Foundation.framework; sourceTree = SDKROOT; };
		CACFB4211BA54380005481ED /* CoreGraphics.framework */ = {isa = PBXFileReference; lastKnownFileType = wrapper.framework; name = CoreGraphics.framework; path = System/Library/Frameworks/CoreGraphics.framework; sourceTree = SDKROOT; };
		CACFB4231BA54380005481ED /* UIKit.framework */ = {isa = PBXFileReference; lastKnownFileType = wrapper.framework; name = UIKit.framework; path = System/Library/Frameworks/UIKit.framework; sourceTree = SDKROOT; };
		CACFB4271BA54380005481ED /* TipCalc-Info.plist */ = {isa = PBXFileReference; lastKnownFileType = text.plist.xml; path = "TipCalc-Info.plist"; sourceTree = "<group>"; };
		CACFB4291BA54380005481ED /* en */ = {isa = PBXFileReference; lastKnownFileType = text.plist.strings; name = en; path = en.lproj/InfoPlist.strings; sourceTree = "<group>"; };
		CACFB42B1BA54380005481ED /* main.m */ = {isa = PBXFileReference; lastKnownFileType = sourcecode.c.objc; path = main.m; sourceTree = "<group>"; };
		CACFB42D1BA54380005481ED /* TipCalc-Prefix.pch */ = {isa = PBXFileReference; lastKnownFileType = sourcecode.c.h; path = "TipCalc-Prefix.pch"; sourceTree = "<group>"; };
		CACFB42E1BA54380005481ED /* JSAppDelegate.h */ = {isa = PBXFileReference; lastKnownFileType = sourcecode.c.h; path = JSAppDelegate.h; sourceTree = "<group>"; };
		CACFB42F1BA54380005481ED /* JSAppDelegate.m */ = {isa = PBXFileReference; lastKnownFileType = sourcecode.c.objc; path = JSAppDelegate.m; sourceTree = "<group>"; };
		CACFB4311BA54380005481ED /* Images.xcassets */ = {isa = PBXFileReference; lastKnownFileType = folder.assetcatalog; path = Images.xcassets; sourceTree = "<group>"; };
		CACFB4371BA54380005481ED /* TipCalcTests.xctest */ = {isa = PBXFileReference; explicitFileType = wrapper.cfbundle; includeInIndex = 0; path = TipCalcTests.xctest; sourceTree = BUILT_PRODUCTS_DIR; };
		CACFB4381BA54380005481ED /* XCTest.framework */ = {isa = PBXFileReference; lastKnownFileType = wrapper.framework; name = XCTest.framework; path = Library/Frameworks/XCTest.framework; sourceTree = DEVELOPER_DIR; };
		CACFB4401BA54380005481ED /* TipCalcTests-Info.plist */ = {isa = PBXFileReference; lastKnownFileType = text.plist.xml; path = "TipCalcTests-Info.plist"; sourceTree = "<group>"; };
		CACFB4421BA54380005481ED /* en */ = {isa = PBXFileReference; lastKnownFileType = text.plist.strings; name = en; path = en.lproj/InfoPlist.strings; sourceTree = "<group>"; };
		CACFB4441BA54380005481ED /* TipCalcTests.m */ = {isa = PBXFileReference; lastKnownFileType = sourcecode.c.objc; path = TipCalcTests.m; sourceTree = "<group>"; };
		CACFB4531BA55595005481ED /* JSTipViewController.h */ = {isa = PBXFileReference; fileEncoding = 4; lastKnownFileType = sourcecode.c.h; path = JSTipViewController.h; sourceTree = "<group>"; };
		CACFB4541BA55595005481ED /* JSTipViewController.m */ = {isa = PBXFileReference; fileEncoding = 4; lastKnownFileType = sourcecode.c.objc; path = JSTipViewController.m; sourceTree = "<group>"; };
		CACFB4551BA55595005481ED /* JSTipViewController.xib */ = {isa = PBXFileReference; fileEncoding = 4; lastKnownFileType = file.xib; path = JSTipViewController.xib; sourceTree = "<group>"; };
		CACFB4581BA55E03005481ED /* JSSettingsViewController.h */ = {isa = PBXFileReference; fileEncoding = 4; lastKnownFileType = sourcecode.c.h; path = JSSettingsViewController.h; sourceTree = "<group>"; };
		CACFB4591BA55E03005481ED /* JSSettingsViewController.m */ = {isa = PBXFileReference; fileEncoding = 4; lastKnownFileType = sourcecode.c.objc; path = JSSettingsViewController.m; sourceTree = "<group>"; };
		CACFB45A1BA55E03005481ED /* JSSettingsViewController.xib */ = {isa = PBXFileReference; fileEncoding = 4; lastKnownFileType = file.xib; path = JSSettingsViewController.xib; sourceTree = "<group>"; };
/* End PBXFileReference section */

/* Begin PBXFrameworksBuildPhase section */
		CACFB4191BA54380005481ED /* Frameworks */ = {
			isa = PBXFrameworksBuildPhase;
			buildActionMask = 2147483647;
			files = (
				CACFB4221BA54380005481ED /* CoreGraphics.framework in Frameworks */,
				CACFB4241BA54380005481ED /* UIKit.framework in Frameworks */,
				CACFB4201BA54380005481ED /* Foundation.framework in Frameworks */,
			);
			runOnlyForDeploymentPostprocessing = 0;
		};
		CACFB4341BA54380005481ED /* Frameworks */ = {
			isa = PBXFrameworksBuildPhase;
			buildActionMask = 2147483647;
			files = (
				CACFB4391BA54380005481ED /* XCTest.framework in Frameworks */,
				CACFB43B1BA54380005481ED /* UIKit.framework in Frameworks */,
				CACFB43A1BA54380005481ED /* Foundation.framework in Frameworks */,
			);
			runOnlyForDeploymentPostprocessing = 0;
		};
/* End PBXFrameworksBuildPhase section */

/* Begin PBXGroup section */
		CACFB4131BA54380005481ED = {
			isa = PBXGroup;
			children = (
				CACFB4251BA54380005481ED /* TipCalc */,
				CACFB43E1BA54380005481ED /* TipCalcTests */,
				CACFB41E1BA54380005481ED /* Frameworks */,
				CACFB41D1BA54380005481ED /* Products */,
			);
			sourceTree = "<group>";
		};
		CACFB41D1BA54380005481ED /* Products */ = {
			isa = PBXGroup;
			children = (
				CACFB41C1BA54380005481ED /* TipCalc.app */,
				CACFB4371BA54380005481ED /* TipCalcTests.xctest */,
			);
			name = Products;
			sourceTree = "<group>";
		};
		CACFB41E1BA54380005481ED /* Frameworks */ = {
			isa = PBXGroup;
			children = (
				CACFB41F1BA54380005481ED /* Foundation.framework */,
				CACFB4211BA54380005481ED /* CoreGraphics.framework */,
				CACFB4231BA54380005481ED /* UIKit.framework */,
				CACFB4381BA54380005481ED /* XCTest.framework */,
			);
			name = Frameworks;
			sourceTree = "<group>";
		};
		CACFB4251BA54380005481ED /* TipCalc */ = {
			isa = PBXGroup;
			children = (
				CACFB42E1BA54380005481ED /* JSAppDelegate.h */,
				CACFB42F1BA54380005481ED /* JSAppDelegate.m */,
				CACFB4311BA54380005481ED /* Images.xcassets */,
				CACFB4261BA54380005481ED /* Supporting Files */,
				CACFB4531BA55595005481ED /* JSTipViewController.h */,
				CACFB4541BA55595005481ED /* JSTipViewController.m */,
				CACFB4551BA55595005481ED /* JSTipViewController.xib */,
				CACFB4581BA55E03005481ED /* JSSettingsViewController.h */,
				CACFB4591BA55E03005481ED /* JSSettingsViewController.m */,
				CACFB45A1BA55E03005481ED /* JSSettingsViewController.xib */,
			);
			path = TipCalc;
			sourceTree = "<group>";
		};
		CACFB4261BA54380005481ED /* Supporting Files */ = {
			isa = PBXGroup;
			children = (
				CACFB4271BA54380005481ED /* TipCalc-Info.plist */,
				CACFB4281BA54380005481ED /* InfoPlist.strings */,
				CACFB42B1BA54380005481ED /* main.m */,
				CACFB42D1BA54380005481ED /* TipCalc-Prefix.pch */,
			);
			name = "Supporting Files";
			sourceTree = "<group>";
		};
		CACFB43E1BA54380005481ED /* TipCalcTests */ = {
			isa = PBXGroup;
			children = (
				CACFB4441BA54380005481ED /* TipCalcTests.m */,
				CACFB43F1BA54380005481ED /* Supporting Files */,
			);
			path = TipCalcTests;
			sourceTree = "<group>";
		};
		CACFB43F1BA54380005481ED /* Supporting Files */ = {
			isa = PBXGroup;
			children = (
				CACFB4401BA54380005481ED /* TipCalcTests-Info.plist */,
				CACFB4411BA54380005481ED /* InfoPlist.strings */,
			);
			name = "Supporting Files";
			sourceTree = "<group>";
		};
/* End PBXGroup section */

/* Begin PBXNativeTarget section */
		CACFB41B1BA54380005481ED /* TipCalc */ = {
			isa = PBXNativeTarget;
			buildConfigurationList = CACFB4481BA54380005481ED /* Build configuration list for PBXNativeTarget "TipCalc" */;
			buildPhases = (
				CACFB4181BA54380005481ED /* Sources */,
				CACFB4191BA54380005481ED /* Frameworks */,
				CACFB41A1BA54380005481ED /* Resources */,
			);
			buildRules = (
			);
			dependencies = (
			);
			name = TipCalc;
			productName = TipCalc;
			productReference = CACFB41C1BA54380005481ED /* TipCalc.app */;
			productType = "com.apple.product-type.application";
		};
		CACFB4361BA54380005481ED /* TipCalcTests */ = {
			isa = PBXNativeTarget;
			buildConfigurationList = CACFB44B1BA54380005481ED /* Build configuration list for PBXNativeTarget "TipCalcTests" */;
			buildPhases = (
				CACFB4331BA54380005481ED /* Sources */,
				CACFB4341BA54380005481ED /* Frameworks */,
				CACFB4351BA54380005481ED /* Resources */,
			);
			buildRules = (
			);
			dependencies = (
				CACFB43D1BA54380005481ED /* PBXTargetDependency */,
			);
			name = TipCalcTests;
			productName = TipCalcTests;
			productReference = CACFB4371BA54380005481ED /* TipCalcTests.xctest */;
			productType = "com.apple.product-type.bundle.unit-test";
		};
/* End PBXNativeTarget section */

/* Begin PBXProject section */
		CACFB4141BA54380005481ED /* Project object */ = {
			isa = PBXProject;
			attributes = {
				CLASSPREFIX = JS;
				LastUpgradeCheck = 0510;
				ORGANIZATIONNAME = "Jagtej Sodhi";
				TargetAttributes = {
					CACFB4361BA54380005481ED = {
						TestTargetID = CACFB41B1BA54380005481ED;
					};
				};
			};
			buildConfigurationList = CACFB4171BA54380005481ED /* Build configuration list for PBXProject "TipCalc" */;
			compatibilityVersion = "Xcode 3.2";
			developmentRegion = English;
			hasScannedForEncodings = 0;
			knownRegions = (
				en,
			);
			mainGroup = CACFB4131BA54380005481ED;
			productRefGroup = CACFB41D1BA54380005481ED /* Products */;
			projectDirPath = "";
			projectRoot = "";
			targets = (
				CACFB41B1BA54380005481ED /* TipCalc */,
				CACFB4361BA54380005481ED /* TipCalcTests */,
			);
		};
/* End PBXProject section */

/* Begin PBXResourcesBuildPhase section */
		CACFB41A1BA54380005481ED /* Resources */ = {
			isa = PBXResourcesBuildPhase;
			buildActionMask = 2147483647;
			files = (
				CACFB4571BA55595005481ED /* JSTipViewController.xib in Resources */,
				CACFB42A1BA54380005481ED /* InfoPlist.strings in Resources */,
				CACFB45C1BA55E03005481ED /* JSSettingsViewController.xib in Resources */,
				CACFB4321BA54380005481ED /* Images.xcassets in Resources */,
			);
			runOnlyForDeploymentPostprocessing = 0;
		};
		CACFB4351BA54380005481ED /* Resources */ = {
			isa = PBXResourcesBuildPhase;
			buildActionMask = 2147483647;
			files = (
				CACFB4431BA54380005481ED /* InfoPlist.strings in Resources */,
			);
			runOnlyForDeploymentPostprocessing = 0;
		};
/* End PBXResourcesBuildPhase section */

/* Begin PBXSourcesBuildPhase section */
		CACFB4181BA54380005481ED /* Sources */ = {
			isa = PBXSourcesBuildPhase;
			buildActionMask = 2147483647;
			files = (
				CACFB42C1BA54380005481ED /* main.m in Sources */,
				CACFB4301BA54380005481ED /* JSAppDelegate.m in Sources */,
				CACFB45B1BA55E03005481ED /* JSSettingsViewController.m in Sources */,
				CACFB4561BA55595005481ED /* JSTipViewController.m in Sources */,
			);
			runOnlyForDeploymentPostprocessing = 0;
		};
		CACFB4331BA54380005481ED /* Sources */ = {
			isa = PBXSourcesBuildPhase;
			buildActionMask = 2147483647;
			files = (
				CACFB4451BA54380005481ED /* TipCalcTests.m in Sources */,
			);
			runOnlyForDeploymentPostprocessing = 0;
		};
/* End PBXSourcesBuildPhase section */

/* Begin PBXTargetDependency section */
		CACFB43D1BA54380005481ED /* PBXTargetDependency */ = {
			isa = PBXTargetDependency;
			target = CACFB41B1BA54380005481ED /* TipCalc */;
			targetProxy = CACFB43C1BA54380005481ED /* PBXContainerItemProxy */;
		};
/* End PBXTargetDependency section */

/* Begin PBXVariantGroup section */
		CACFB4281BA54380005481ED /* InfoPlist.strings */ = {
			isa = PBXVariantGroup;
			children = (
				CACFB4291BA54380005481ED /* en */,
			);
			name = InfoPlist.strings;
			sourceTree = "<group>";
		};
		CACFB4411BA54380005481ED /* InfoPlist.strings */ = {
			isa = PBXVariantGroup;
			children = (
				CACFB4421BA54380005481ED /* en */,
			);
			name = InfoPlist.strings;
			sourceTree = "<group>";
		};
/* End PBXVariantGroup section */

/* Begin XCBuildConfiguration section */
		CACFB4461BA54380005481ED /* Debug */ = {
			isa = XCBuildConfiguration;
			buildSettings = {
				ALWAYS_SEARCH_USER_PATHS = NO;
				CLANG_CXX_LANGUAGE_STANDARD = "gnu++0x";
				CLANG_CXX_LIBRARY = "libc++";
				CLANG_ENABLE_MODULES = YES;
				CLANG_ENABLE_OBJC_ARC = YES;
				CLANG_WARN_BOOL_CONVERSION = YES;
				CLANG_WARN_CONSTANT_CONVERSION = YES;
				CLANG_WARN_DIRECT_OBJC_ISA_USAGE = YES_ERROR;
				CLANG_WARN_EMPTY_BODY = YES;
				CLANG_WARN_ENUM_CONVERSION = YES;
				CLANG_WARN_INT_CONVERSION = YES;
				CLANG_WARN_OBJC_ROOT_CLASS = YES_ERROR;
				CLANG_WARN__DUPLICATE_METHOD_MATCH = YES;
				"CODE_SIGN_IDENTITY[sdk=iphoneos*]" = "iPhone Developer";
				COPY_PHASE_STRIP = NO;
				GCC_C_LANGUAGE_STANDARD = gnu99;
				GCC_DYNAMIC_NO_PIC = NO;
				GCC_OPTIMIZATION_LEVEL = 0;
				GCC_PREPROCESSOR_DEFINITIONS = (
					"DEBUG=1",
					"$(inherited)",
				);
				GCC_SYMBOLS_PRIVATE_EXTERN = NO;
				GCC_WARN_64_TO_32_BIT_CONVERSION = YES;
				GCC_WARN_ABOUT_RETURN_TYPE = YES_ERROR;
				GCC_WARN_UNDECLARED_SELECTOR = YES;
				GCC_WARN_UNINITIALIZED_AUTOS = YES_AGGRESSIVE;
				GCC_WARN_UNUSED_FUNCTION = YES;
				GCC_WARN_UNUSED_VARIABLE = YES;
				IPHONEOS_DEPLOYMENT_TARGET = 7.1;
				ONLY_ACTIVE_ARCH = YES;
				SDKROOT = iphoneos;
			};
			name = Debug;
		};
		CACFB4471BA54380005481ED /* Release */ = {
			isa = XCBuildConfiguration;
			buildSettings = {
				ALWAYS_SEARCH_USER_PATHS = NO;
				CLANG_CXX_LANGUAGE_STANDARD = "gnu++0x";
				CLANG_CXX_LIBRARY = "libc++";
				CLANG_ENABLE_MODULES = YES;
				CLANG_ENABLE_OBJC_ARC = YES;
				CLANG_WARN_BOOL_CONVERSION = YES;
				CLANG_WARN_CONSTANT_CONVERSION = YES;
				CLANG_WARN_DIRECT_OBJC_ISA_USAGE = YES_ERROR;
				CLANG_WARN_EMPTY_BODY = YES;
				CLANG_WARN_ENUM_CONVERSION = YES;
				CLANG_WARN_INT_CONVERSION = YES;
				CLANG_WARN_OBJC_ROOT_CLASS = YES_ERROR;
				CLANG_WARN__DUPLICATE_METHOD_MATCH = YES;
				"CODE_SIGN_IDENTITY[sdk=iphoneos*]" = "iPhone Developer";
				COPY_PHASE_STRIP = YES;
				ENABLE_NS_ASSERTIONS = NO;
				GCC_C_LANGUAGE_STANDARD = gnu99;
				GCC_WARN_64_TO_32_BIT_CONVERSION = YES;
				GCC_WARN_ABOUT_RETURN_TYPE = YES_ERROR;
				GCC_WARN_UNDECLARED_SELECTOR = YES;
				GCC_WARN_UNINITIALIZED_AUTOS = YES_AGGRESSIVE;
				GCC_WARN_UNUSED_FUNCTION = YES;
				GCC_WARN_UNUSED_VARIABLE = YES;
				IPHONEOS_DEPLOYMENT_TARGET = 7.1;
				SDKROOT = iphoneos;
				VALIDATE_PRODUCT = YES;
			};
			name = Release;
		};
		CACFB4491BA54380005481ED /* Debug */ = {
			isa = XCBuildConfiguration;
			buildSettings = {
				ASSETCATALOG_COMPILER_APPICON_NAME = AppIcon;
				ASSETCATALOG_COMPILER_LAUNCHIMAGE_NAME = LaunchImage;
				GCC_PRECOMPILE_PREFIX_HEADER = YES;
				GCC_PREFIX_HEADER = "TipCalc/TipCalc-Prefix.pch";
				INFOPLIST_FILE = "TipCalc/TipCalc-Info.plist";
				IPHONEOS_DEPLOYMENT_TARGET = 7.1;
				PRODUCT_NAME = "$(TARGET_NAME)";
				WRAPPER_EXTENSION = app;
			};
			name = Debug;
		};
		CACFB44A1BA54380005481ED /* Release */ = {
			isa = XCBuildConfiguration;
			buildSettings = {
				ASSETCATALOG_COMPILER_APPICON_NAME = AppIcon;
				ASSETCATALOG_COMPILER_LAUNCHIMAGE_NAME = LaunchImage;
				GCC_PRECOMPILE_PREFIX_HEADER = YES;
				GCC_PREFIX_HEADER = "TipCalc/TipCalc-Prefix.pch";
				INFOPLIST_FILE = "TipCalc/TipCalc-Info.plist";
				IPHONEOS_DEPLOYMENT_TARGET = 7.1;
				PRODUCT_NAME = "$(TARGET_NAME)";
				WRAPPER_EXTENSION = app;
			};
			name = Release;
		};
		CACFB44C1BA54380005481ED /* Debug */ = {
			isa = XCBuildConfiguration;
			buildSettings = {
				BUNDLE_LOADER = "$(BUILT_PRODUCTS_DIR)/TipCalc.app/TipCalc";
				FRAMEWORK_SEARCH_PATHS = (
					"$(SDKROOT)/Developer/Library/Frameworks",
					"$(inherited)",
					"$(DEVELOPER_FRAMEWORKS_DIR)",
				);
				GCC_PRECOMPILE_PREFIX_HEADER = YES;
				GCC_PREFIX_HEADER = "TipCalc/TipCalc-Prefix.pch";
				GCC_PREPROCESSOR_DEFINITIONS = (
					"DEBUG=1",
					"$(inherited)",
				);
				INFOPLIST_FILE = "TipCalcTests/TipCalcTests-Info.plist";
				PRODUCT_NAME = "$(TARGET_NAME)";
				TEST_HOST = "$(BUNDLE_LOADER)";
				WRAPPER_EXTENSION = xctest;
			};
			name = Debug;
		};
		CACFB44D1BA54380005481ED /* Release */ = {
			isa = XCBuildConfiguration;
			buildSettings = {
				BUNDLE_LOADER = "$(BUILT_PRODUCTS_DIR)/TipCalc.app/TipCalc";
				FRAMEWORK_SEARCH_PATHS = (
					"$(SDKROOT)/Developer/Library/Frameworks",
					"$(inherited)",
					"$(DEVELOPER_FRAMEWORKS_DIR)",
				);
				GCC_PRECOMPILE_PREFIX_HEADER = YES;
				GCC_PREFIX_HEADER = "TipCalc/TipCalc-Prefix.pch";
				INFOPLIST_FILE = "TipCalcTests/TipCalcTests-Info.plist";
				PRODUCT_NAME = "$(TARGET_NAME)";
				TEST_HOST = "$(BUNDLE_LOADER)";
				WRAPPER_EXTENSION = xctest;
			};
			name = Release;
		};
/* End XCBuildConfiguration section */

/* Begin XCConfigurationList section */
		CACFB4171BA54380005481ED /* Build configuration list for PBXProject "TipCalc" */ = {
			isa = XCConfigurationList;
			buildConfigurations = (
				CACFB4461BA54380005481ED /* Debug */,
				CACFB4471BA54380005481ED /* Release */,
			);
			defaultConfigurationIsVisible = 0;
			defaultConfigurationName = Release;
		};
		CACFB4481BA54380005481ED /* Build configuration list for PBXNativeTarget "TipCalc" */ = {
			isa = XCConfigurationList;
			buildConfigurations = (
				CACFB4491BA54380005481ED /* Debug */,
				CACFB44A1BA54380005481ED /* Release */,
			);
			defaultConfigurationIsVisible = 0;
		};
		CACFB44B1BA54380005481ED /* Build configuration list for PBXNativeTarget "TipCalcTests" */ = {
			isa = XCConfigurationList;
			buildConfigurations = (
				CACFB44C1BA54380005481ED /* Debug */,
				CACFB44D1BA54380005481ED /* Release */,
			);
			defaultConfigurationIsVisible = 0;
		};
/* End XCConfigurationList section */
	};
	rootObject = CACFB4141BA54380005481ED /* Project object */;
}
